[[package]]
name = "amplpy"
version = "0.7.1"
description = "Python API for AMPL"
category = "main"
optional = false
python-versions = "*"

[package.dependencies]
future = ">=0.15.0"

[[package]]
name = "black"
version = "21.11b1"
description = "The uncompromising code formatter."
category = "dev"
optional = false
python-versions = ">=3.6.2"

[package.dependencies]
click = ">=7.1.2"
mypy-extensions = ">=0.4.3"
pathspec = ">=0.9.0,<1"
platformdirs = ">=2"
regex = ">=2021.4.4"
tomli = ">=0.2.6,<2.0.0"
typed-ast = {version = ">=1.4.2", markers = "python_version < \"3.8\" and implementation_name == \"cpython\""}
typing-extensions = ">=3.10.0.0"

[package.extras]
colorama = ["colorama (>=0.4.3)"]
d = ["aiohttp (>=3.7.4)"]
jupyter = ["ipython (>=7.8.0)", "tokenize-rt (>=3.2.0)"]
python2 = ["typed-ast (>=1.4.3)"]
uvloop = ["uvloop (>=0.15.2)"]

[[package]]
name = "click"
version = "8.0.3"
description = "Composable command line interface toolkit"
category = "dev"
optional = false
python-versions = ">=3.6"

[package.dependencies]
colorama = {version = "*", markers = "platform_system == \"Windows\""}
importlib-metadata = {version = "*", markers = "python_version < \"3.8\""}

[[package]]
name = "colorama"
version = "0.4.4"
description = "Cross-platform colored terminal text."
category = "dev"
optional = false
python-versions = ">=2.7, !=3.0.*, !=3.1.*, !=3.2.*, !=3.3.*, !=3.4.*"

[[package]]
name = "future"
version = "0.18.2"
description = "Clean single-source support for Python 3 and 2"
category = "main"
optional = false
python-versions = ">=2.6, !=3.0.*, !=3.1.*, !=3.2.*"

[[package]]
name = "importlib-metadata"
version = "4.8.2"
description = "Read metadata from Python packages"
category = "dev"
optional = false
python-versions = ">=3.6"

[package.dependencies]
typing-extensions = {version = ">=3.6.4", markers = "python_version < \"3.8\""}
zipp = ">=0.5"

[package.extras]
docs = ["sphinx", "jaraco.packaging (>=8.2)", "rst.linker (>=1.9)"]
perf = ["ipython"]
testing = ["pytest (>=6)", "pytest-checkdocs (>=2.4)", "pytest-flake8", "pytest-cov", "pytest-enabler (>=1.0.1)", "packaging", "pep517", "pyfakefs", "flufl.flake8", "pytest-perf (>=0.9.2)", "pytest-black (>=0.3.7)", "pytest-mypy", "importlib-resources (>=1.3)"]

[[package]]
name = "mypy-extensions"
version = "0.4.3"
description = "Experimental type system extensions for programs checked with the mypy typechecker."
category = "dev"
optional = false
python-versions = "*"

[[package]]
name = "pathspec"
version = "0.9.0"
description = "Utility library for gitignore style pattern matching of file paths."
category = "dev"
optional = false
python-versions = "!=3.0.*,!=3.1.*,!=3.2.*,!=3.3.*,!=3.4.*,>=2.7"

[[package]]
name = "platformdirs"
version = "2.4.0"
description = "A small Python module for determining appropriate platform-specific dirs, e.g. a \"user data dir\"."
category = "dev"
optional = false
python-versions = ">=3.6"

[package.extras]
docs = ["Sphinx (>=4)", "furo (>=2021.7.5b38)", "proselint (>=0.10.2)", "sphinx-autodoc-typehints (>=1.12)"]
test = ["appdirs (==1.4.4)", "pytest (>=6)", "pytest-cov (>=2.7)", "pytest-mock (>=3.6)"]

[[package]]
name = "regex"
version = "2021.11.10"
description = "Alternative regular expression module, to replace re."
category = "dev"
optional = false
python-versions = "*"

[[package]]
name = "tomli"
version = "1.2.2"
description = "A lil' TOML parser"
category = "dev"
optional = false
python-versions = ">=3.6"

[[package]]
name = "typed-ast"
version = "1.5.0"
description = "a fork of Python 2 and 3 ast modules with type comment support"
category = "dev"
optional = false
python-versions = ">=3.6"

[[package]]
name = "typing-extensions"
version = "4.0.0"
description = "Backported and Experimental Type Hints for Python 3.6+"
category = "dev"
optional = false
python-versions = ">=3.6"

[[package]]
name = "zipp"
version = "3.6.0"
description = "Backport of pathlib-compatible object wrapper for zip files"
category = "dev"
optional = false
python-versions = ">=3.6"

[package.extras]
docs = ["sphinx", "jaraco.packaging (>=8.2)", "rst.linker (>=1.9)"]
testing = ["pytest (>=4.6)", "pytest-checkdocs (>=2.4)", "pytest-flake8", "pytest-cov", "pytest-enabler (>=1.0.1)", "jaraco.itertools", "func-timeout", "pytest-black (>=0.3.7)", "pytest-mypy"]

[metadata]
lock-version = "1.1"
python-versions = "3.7.*"
content-hash = "2d0d3671975488fc8c53fd51f7a4491dd421651f47b740f12dfcf2e03250c625"

[metadata.files]
amplpy = [
    {file = "amplpy-0.7.1-cp27-cp27m-macosx_10_9_x86_64.whl", hash = "sha256:34774d2c21133a00dcd5919c42239fca6b62564dce15dea2b11eef78ad68b143"},
    {file = "amplpy-0.7.1-cp27-cp27m-manylinux1_i686.whl", hash = "sha256:fda7b3d75c95d9b9a0677c1e8bd25366ae1d811d31882b2ccd54d933d0335c9f"},
    {file = "amplpy-0.7.1-cp27-cp27m-manylinux1_x86_64.whl", hash = "sha256:5226fa0a4e45adc3b114ac9cbfdc9a308f4a850f2a4fbe5d7672c61f5ffa8c53"},
    {file = "amplpy-0.7.1-cp27-cp27m-manylinux2010_i686.whl", hash = "sha256:5936824c6b6608026006b136bf598e32e8482edaf66bea0c4fd534146f11cb1a"},
    {file = "amplpy-0.7.1-cp27-cp27m-manylinux2010_x86_64.whl", hash = "sha256:992faca2551d7ed83a3f7483d03f69ffa6b3f642b20895f35a3be32906bc8c34"},
    {file = "amplpy-0.7.1-cp27-cp27mu-manylinux1_i686.whl", hash = "sha256:e18d3a685dc25854da00f00582391a479c54dbf0618965ae84ce305816261c14"},
    {file = "amplpy-0.7.1-cp27-cp27mu-manylinux1_x86_64.whl", hash = "sha256:1292e17c46eaf9cc5278e85187142b1edc30866e68f1bcce02155a9f0833b56a"},
    {file = "amplpy-0.7.1-cp27-cp27mu-manylinux2010_i686.whl", hash = "sha256:dec71aefc06eb31d8b7ea26d6cd3acc16b8daf70217ba2b796426bf95b9290e9"},
    {file = "amplpy-0.7.1-cp27-cp27mu-manylinux2010_x86_64.whl", hash = "sha256:8364cf93b845a8231d6a26bd13a570f4fd1c4bca46c074debf6a1efa6d70c578"},
    {file = "amplpy-0.7.1-cp35-cp35m-macosx_10_9_x86_64.whl", hash = "sha256:3ad7c6c190d68a5edd32ed88bd10c1e4b1c46ed6624de5e92b029e2efe4fe817"},
    {file = "amplpy-0.7.1-cp35-cp35m-manylinux1_i686.whl", hash = "sha256:13df7ce7223b8784e304c15be6e80aaeaaaf94240d21f57d5de9d3a512534194"},
    {file = "amplpy-0.7.1-cp35-cp35m-manylinux1_x86_64.whl", hash = "sha256:89dad60c89688caa3e8e94cb626b77bf11b695e554bda47f86ee3b07a752f669"},
    {file = "amplpy-0.7.1-cp35-cp35m-manylinux2010_i686.whl", hash = "sha256:a00d190f30c655dd65a62c41baadb0deec3c2f364810040ff8bfc005a92287a7"},
    {file = "amplpy-0.7.1-cp35-cp35m-manylinux2010_x86_64.whl", hash = "sha256:df6dcf056e0028556eaffd4e4811b2c404ce6f8af12677bb90bcbb5a7e81c876"},
    {file = "amplpy-0.7.1-cp35-cp35m-win32.whl", hash = "sha256:a2b7b155662bee6754e911f6f62ffed7e7fd87df31019c466e2ad84693949105"},
    {file = "amplpy-0.7.1-cp35-cp35m-win_amd64.whl", hash = "sha256:6bef01edb9848803dbefd280c9ce8dbeb50e133198f070cbadc94244e28a5787"},
    {file = "amplpy-0.7.1-cp36-cp36m-macosx_10_9_x86_64.whl", hash = "sha256:5d8a8104b608dd6bab7ba1f16eff7da214cde407a0cd94f5a8f4d2dcd7e420ad"},
    {file = "amplpy-0.7.1-cp36-cp36m-manylinux1_i686.whl", hash = "sha256:1ee2f1cbc3758d1e61e6d19ebab7ffa1fd06a79088117ba6a661d0ed089a9529"},
    {file = "amplpy-0.7.1-cp36-cp36m-manylinux1_x86_64.whl", hash = "sha256:e84c093b09a7ad64318d5d178b0f024f11aeef7589be5e0097f49358f95af880"},
    {file = "amplpy-0.7.1-cp36-cp36m-manylinux2010_i686.whl", hash = "sha256:8b8a45cad4b404ed4f05b4721b3ceb4f0ad6fe5f69b4ec61f4f9156bebed8676"},
    {file = "amplpy-0.7.1-cp36-cp36m-manylinux2010_x86_64.whl", hash = "sha256:dae6c3011331ef2b04e5ccb3310fed00c07b7f23252de81fc1e4671315600af0"},
    {file = "amplpy-0.7.1-cp36-cp36m-win32.whl", hash = "sha256:da353890f9abc74fc2003e5f81fa44ba0bab42464c00b7af97bb5a0b37cb6387"},
    {file = "amplpy-0.7.1-cp36-cp36m-win_amd64.whl", hash = "sha256:934f1c6585709b28a609647adf4d88306925301c24532ae0d62362e45eb6432b"},
    {file = "amplpy-0.7.1-cp37-cp37m-macosx_10_9_x86_64.whl", hash = "sha256:2fb174ba82624903c50a42fffdde0a6921bd70068fd4b7d5f72970678b803f84"},
    {file = "amplpy-0.7.1-cp37-cp37m-manylinux1_i686.whl", hash = "sha256:eba2716745ce4aa28502bc6c64fb1d0c0daae3e3c9664fdbfee34d1e4939203a"},
    {file = "amplpy-0.7.1-cp37-cp37m-manylinux1_x86_64.whl", hash = "sha256:de79cb936fc129a211a49d6a6fb34b9b2791d789bbd0b91c61f126244f0bede2"},
    {file = "amplpy-0.7.1-cp37-cp37m-manylinux2010_i686.whl", hash = "sha256:bbf504f35d9435d2a7336160b4025015afb21ccaf03fb37f18b988dce295e97b"},
    {file = "amplpy-0.7.1-cp37-cp37m-manylinux2010_x86_64.whl", hash = "sha256:93fb2f03f69abf5daf77260b4710ea2d266fc388fa68e01941baf6815df7abf2"},
    {file = "amplpy-0.7.1-cp37-cp37m-win32.whl", hash = "sha256:028e335b6747f60aca90beb362aec1169eb1f88d42655ca6e2b371eb13b6fa94"},
    {file = "amplpy-0.7.1-cp37-cp37m-win_amd64.whl", hash = "sha256:6dfcdcfdcccd2511fcc4f61a49c3a8d92fa4e12036a02078d796bf13867003ca"},
    {file = "amplpy-0.7.1-cp38-cp38-macosx_10_9_x86_64.whl", hash = "sha256:1748802e7f3cce93f268d94d715b21697c9f273324387b2458df78ceac999346"},
    {file = "amplpy-0.7.1-cp38-cp38-manylinux1_i686.whl", hash = "sha256:43f10b8ab574ddcd62294c627c84b594094f84df812b97bb7e27988ea5066cc3"},
    {file = "amplpy-0.7.1-cp38-cp38-manylinux1_x86_64.whl", hash = "sha256:baecad6882fd938dd9f215f098fdc5b48949d41f2b0b83d04ea1452b59dcc2b6"},
    {file = "amplpy-0.7.1-cp38-cp38-manylinux2010_i686.whl", hash = "sha256:e9270e57c6d3666af49e9d16fad9a2c03a365a6e2df41d23b6f8bf4fba1c5a03"},
    {file = "amplpy-0.7.1-cp38-cp38-manylinux2010_x86_64.whl", hash = "sha256:4a786a5cd44e527d2f7b447283d76ee0b0e2d299e83d01f4ddb79b25e9fdd4e4"},
    {file = "amplpy-0.7.1-cp38-cp38-win32.whl", hash = "sha256:c9c7c1294f407d8c122c614e8a430a5f37973d0c389a75e35fc1dfa430fb6b80"},
    {file = "amplpy-0.7.1-cp38-cp38-win_amd64.whl", hash = "sha256:54e47755a719d1b4d9eae3b4a03238bb1f220e07dc6e338ad67f916f22a96976"},
    {file = "amplpy-0.7.1-cp39-cp39-macosx_10_9_x86_64.whl", hash = "sha256:84e82c4b59e4cc073ae27aaea27593ff035d528087cf2e8794cd50043c36d513"},
    {file = "amplpy-0.7.1-cp39-cp39-manylinux1_i686.whl", hash = "sha256:5ecb35f0b66efafbe978cea779c9cecc3c2bbb044d340f59ac0f11ad4de94405"},
    {file = "amplpy-0.7.1-cp39-cp39-manylinux1_x86_64.whl", hash = "sha256:ed5493a25aebdfffef88f830c4b4d3efbcc90e3fcb5204e8abe91217c9884def"},
    {file = "amplpy-0.7.1-cp39-cp39-manylinux2010_i686.whl", hash = "sha256:9abec39c37247def54aae7c9fc952144b3737cef614b61878a7b50cb2bfb1516"},
    {file = "amplpy-0.7.1-cp39-cp39-manylinux2010_x86_64.whl", hash = "sha256:53017eb2238acdb9439e7b12d8ba93fc9cd763ee8521bdc6c33f1cf32ec8d791"},
    {file = "amplpy-0.7.1-cp39-cp39-win32.whl", hash = "sha256:26ae8ef5a60516d94c856cd515171a18ba4bb87220284656c54e2738aec5311a"},
    {file = "amplpy-0.7.1-cp39-cp39-win_amd64.whl", hash = "sha256:65379eef2e488d3b768642fb6091fbba58793c78a3322d0c5985631a72205d90"},
    {file = "amplpy-0.7.1.tar.gz", hash = "sha256:af98b7a1e924abbab430bb0acf37562fc7134545fe2b797a6ea8849599fcd2e2"},
]
black = [
    {file = "black-21.11b1-py3-none-any.whl", hash = "sha256:802c6c30b637b28645b7fde282ed2569c0cd777dbe493a41b6a03c1d903f99ac"},
    {file = "black-21.11b1.tar.gz", hash = "sha256:a042adbb18b3262faad5aff4e834ff186bb893f95ba3a8013f09de1e5569def2"},
]
click = [
    {file = "click-8.0.3-py3-none-any.whl", hash = "sha256:353f466495adaeb40b6b5f592f9f91cb22372351c84caeb068132442a4518ef3"},
    {file = "click-8.0.3.tar.gz", hash = "sha256:410e932b050f5eed773c4cda94de75971c89cdb3155a72a0831139a79e5ecb5b"},
]
colorama = [
    {file = "colorama-0.4.4-py2.py3-none-any.whl", hash = "sha256:9f47eda37229f68eee03b24b9748937c7dc3868f906e8ba69fbcbdd3bc5dc3e2"},
    {file = "colorama-0.4.4.tar.gz", hash = "sha256:5941b2b48a20143d2267e95b1c2a7603ce057ee39fd88e7329b0c292aa16869b"},
]
future = [
    {file = "future-0.18.2.tar.gz", hash = "sha256:b1bead90b70cf6ec3f0710ae53a525360fa360d306a86583adc6bf83a4db537d"},
]
importlib-metadata = [
    {file = "importlib_metadata-4.8.2-py3-none-any.whl", hash = "sha256:53ccfd5c134223e497627b9815d5030edf77d2ed573922f7a0b8f8bb81a1c100"},
    {file = "importlib_metadata-4.8.2.tar.gz", hash = "sha256:75bdec14c397f528724c1bfd9709d660b33a4d2e77387a3358f20b848bb5e5fb"},
]
mypy-extensions = [
    {file = "mypy_extensions-0.4.3-py2.py3-none-any.whl", hash = "sha256:090fedd75945a69ae91ce1303b5824f428daf5a028d2f6ab8a299250a846f15d"},
    {file = "mypy_extensions-0.4.3.tar.gz", hash = "sha256:2d82818f5bb3e369420cb3c4060a7970edba416647068eb4c5343488a6c604a8"},
]
pathspec = [
    {file = "pathspec-0.9.0-py2.py3-none-any.whl", hash = "sha256:7d15c4ddb0b5c802d161efc417ec1a2558ea2653c2e8ad9c19098201dc1c993a"},
    {file = "pathspec-0.9.0.tar.gz", hash = "sha256:e564499435a2673d586f6b2130bb5b95f04a3ba06f81b8f895b651a3c76aabb1"},
]
platformdirs = [
    {file = "platformdirs-2.4.0-py3-none-any.whl", hash = "sha256:8868bbe3c3c80d42f20156f22e7131d2fb321f5bc86a2a345375c6481a67021d"},
    {file = "platformdirs-2.4.0.tar.gz", hash = "sha256:367a5e80b3d04d2428ffa76d33f124cf11e8fff2acdaa9b43d545f5c7d661ef2"},
]
regex = [
    {file = "regex-2021.11.10-cp310-cp310-macosx_10_9_x86_64.whl", hash = "sha256:9345b6f7ee578bad8e475129ed40123d265464c4cfead6c261fd60fc9de00bcf"},
    {file = "regex-2021.11.10-cp310-cp310-macosx_11_0_arm64.whl", hash = "sha256:416c5f1a188c91e3eb41e9c8787288e707f7d2ebe66e0a6563af280d9b68478f"},
    {file = "regex-2021.11.10-cp310-cp310-manylinux_2_17_aarch64.manylinux2014_aarch64.whl", hash = "sha256:e0538c43565ee6e703d3a7c3bdfe4037a5209250e8502c98f20fea6f5fdf2965"},
    {file = "regex-2021.11.10-cp310-cp310-manylinux_2_17_ppc64le.manylinux2014_ppc64le.whl", hash = "sha256:7ee1227cf08b6716c85504aebc49ac827eb88fcc6e51564f010f11a406c0a667"},
    {file = "regex-2021.11.10-cp310-cp310-manylinux_2_17_s390x.manylinux2014_s390x.whl", hash = "sha256:6650f16365f1924d6014d2ea770bde8555b4a39dc9576abb95e3cd1ff0263b36"},
    {file = "regex-2021.11.10-cp310-cp310-manylinux_2_17_x86_64.manylinux2014_x86_64.whl", hash = "sha256:30ab804ea73972049b7a2a5c62d97687d69b5a60a67adca07eb73a0ddbc9e29f"},
    {file = "regex-2021.11.10-cp310-cp310-manylinux_2_5_i686.manylinux1_i686.manylinux_2_17_i686.manylinux2014_i686.whl", hash = "sha256:68a067c11463de2a37157930d8b153005085e42bcb7ad9ca562d77ba7d1404e0"},
    {file = "regex-2021.11.10-cp310-cp310-manylinux_2_5_x86_64.manylinux1_x86_64.manylinux_2_12_x86_64.manylinux2010_x86_64.whl", hash = "sha256:162abfd74e88001d20cb73ceaffbfe601469923e875caf9118333b1a4aaafdc4"},
    {file = "regex-2021.11.10-cp310-cp310-win32.whl", hash = "sha256:98ba568e8ae26beb726aeea2273053c717641933836568c2a0278a84987b2a1a"},
    {file = "regex-2021.11.10-cp310-cp310-win_amd64.whl", hash = "sha256:780b48456a0f0ba4d390e8b5f7c661fdd218934388cde1a974010a965e200e12"},
    {file = "regex-2021.11.10-cp36-cp36m-macosx_10_9_x86_64.whl", hash = "sha256:dba70f30fd81f8ce6d32ddeef37d91c8948e5d5a4c63242d16a2b2df8143aafc"},
    {file = "regex-2021.11.10-cp36-cp36m-manylinux_2_17_aarch64.manylinux2014_aarch64.whl", hash = "sha256:e1f54b9b4b6c53369f40028d2dd07a8c374583417ee6ec0ea304e710a20f80a0"},
    {file = "regex-2021.11.10-cp36-cp36m-manylinux_2_17_ppc64le.manylinux2014_ppc64le.whl", hash = "sha256:fbb9dc00e39f3e6c0ef48edee202f9520dafb233e8b51b06b8428cfcb92abd30"},
    {file = "regex-2021.11.10-cp36-cp36m-manylinux_2_17_s390x.manylinux2014_s390x.whl", hash = "sha256:666abff54e474d28ff42756d94544cdfd42e2ee97065857413b72e8a2d6a6345"},
    {file = "regex-2021.11.10-cp36-cp36m-manylinux_2_17_x86_64.manylinux2014_x86_64.whl", hash = "sha256:5537f71b6d646f7f5f340562ec4c77b6e1c915f8baae822ea0b7e46c1f09b733"},
    {file = "regex-2021.11.10-cp36-cp36m-manylinux_2_5_i686.manylinux1_i686.manylinux_2_17_i686.manylinux2014_i686.whl", hash = "sha256:ed2e07c6a26ed4bea91b897ee2b0835c21716d9a469a96c3e878dc5f8c55bb23"},
    {file = "regex-2021.11.10-cp36-cp36m-manylinux_2_5_x86_64.manylinux1_x86_64.manylinux_2_12_x86_64.manylinux2010_x86_64.whl", hash = "sha256:ca5f18a75e1256ce07494e245cdb146f5a9267d3c702ebf9b65c7f8bd843431e"},
    {file = "regex-2021.11.10-cp36-cp36m-win32.whl", hash = "sha256:93a5051fcf5fad72de73b96f07d30bc29665697fb8ecdfbc474f3452c78adcf4"},
    {file = "regex-2021.11.10-cp36-cp36m-win_amd64.whl", hash = "sha256:b483c9d00a565633c87abd0aaf27eb5016de23fed952e054ecc19ce32f6a9e7e"},
    {file = "regex-2021.11.10-cp37-cp37m-macosx_10_9_x86_64.whl", hash = "sha256:fff55f3ce50a3ff63ec8e2a8d3dd924f1941b250b0aac3d3d42b687eeff07a8e"},
    {file = "regex-2021.11.10-cp37-cp37m-manylinux_2_17_aarch64.manylinux2014_aarch64.whl", hash = "sha256:e32d2a2b02ccbef10145df9135751abea1f9f076e67a4e261b05f24b94219e36"},
    {file = "regex-2021.11.10-cp37-cp37m-manylinux_2_17_ppc64le.manylinux2014_ppc64le.whl", hash = "sha256:53db2c6be8a2710b359bfd3d3aa17ba38f8aa72a82309a12ae99d3c0c3dcd74d"},
    {file = "regex-2021.11.10-cp37-cp37m-manylinux_2_17_s390x.manylinux2014_s390x.whl", hash = "sha256:2207ae4f64ad3af399e2d30dde66f0b36ae5c3129b52885f1bffc2f05ec505c8"},
    {file = "regex-2021.11.10-cp37-cp37m-manylinux_2_17_x86_64.manylinux2014_x86_64.whl", hash = "sha256:d5ca078bb666c4a9d1287a379fe617a6dccd18c3e8a7e6c7e1eb8974330c626a"},
    {file = "regex-2021.11.10-cp37-cp37m-manylinux_2_5_i686.manylinux1_i686.manylinux_2_17_i686.manylinux2014_i686.whl", hash = "sha256:dd33eb9bdcfbabab3459c9ee651d94c842bc8a05fabc95edf4ee0c15a072495e"},
    {file = "regex-2021.11.10-cp37-cp37m-manylinux_2_5_x86_64.manylinux1_x86_64.manylinux_2_12_x86_64.manylinux2010_x86_64.whl", hash = "sha256:05b7d6d7e64efe309972adab77fc2af8907bb93217ec60aa9fe12a0dad35874f"},
    {file = "regex-2021.11.10-cp37-cp37m-win32.whl", hash = "sha256:e71255ba42567d34a13c03968736c5d39bb4a97ce98188fafb27ce981115beec"},
    {file = "regex-2021.11.10-cp37-cp37m-win_amd64.whl", hash = "sha256:07856afef5ffcc052e7eccf3213317fbb94e4a5cd8177a2caa69c980657b3cb4"},
    {file = "regex-2021.11.10-cp38-cp38-macosx_10_9_x86_64.whl", hash = "sha256:ba05430e819e58544e840a68b03b28b6d328aff2e41579037e8bab7653b37d83"},
    {file = "regex-2021.11.10-cp38-cp38-macosx_11_0_arm64.whl", hash = "sha256:7f301b11b9d214f83ddaf689181051e7f48905568b0c7017c04c06dfd065e244"},
    {file = "regex-2021.11.10-cp38-cp38-manylinux_2_17_aarch64.manylinux2014_aarch64.whl", hash = "sha256:4aaa4e0705ef2b73dd8e36eeb4c868f80f8393f5f4d855e94025ce7ad8525f50"},
    {file = "regex-2021.11.10-cp38-cp38-manylinux_2_17_ppc64le.manylinux2014_ppc64le.whl", hash = "sha256:788aef3549f1924d5c38263104dae7395bf020a42776d5ec5ea2b0d3d85d6646"},
    {file = "regex-2021.11.10-cp38-cp38-manylinux_2_17_s390x.manylinux2014_s390x.whl", hash = "sha256:f8af619e3be812a2059b212064ea7a640aff0568d972cd1b9e920837469eb3cb"},
    {file = "regex-2021.11.10-cp38-cp38-manylinux_2_17_x86_64.manylinux2014_x86_64.whl", hash = "sha256:85bfa6a5413be0ee6c5c4a663668a2cad2cbecdee367630d097d7823041bdeec"},
    {file = "regex-2021.11.10-cp38-cp38-manylinux_2_5_i686.manylinux1_i686.manylinux_2_17_i686.manylinux2014_i686.whl", hash = "sha256:f23222527b307970e383433daec128d769ff778d9b29343fb3496472dc20dabe"},
    {file = "regex-2021.11.10-cp38-cp38-manylinux_2_5_x86_64.manylinux1_x86_64.manylinux_2_12_x86_64.manylinux2010_x86_64.whl", hash = "sha256:da1a90c1ddb7531b1d5ff1e171b4ee61f6345119be7351104b67ff413843fe94"},
    {file = "regex-2021.11.10-cp38-cp38-win32.whl", hash = "sha256:0617383e2fe465732af4509e61648b77cbe3aee68b6ac8c0b6fe934db90be5cc"},
    {file = "regex-2021.11.10-cp38-cp38-win_amd64.whl", hash = "sha256:a3feefd5e95871872673b08636f96b61ebef62971eab044f5124fb4dea39919d"},
    {file = "regex-2021.11.10-cp39-cp39-macosx_10_9_x86_64.whl", hash = "sha256:f7f325be2804246a75a4f45c72d4ce80d2443ab815063cdf70ee8fb2ca59ee1b"},
    {file = "regex-2021.11.10-cp39-cp39-macosx_11_0_arm64.whl", hash = "sha256:537ca6a3586931b16a85ac38c08cc48f10fc870a5b25e51794c74df843e9966d"},
    {file = "regex-2021.11.10-cp39-cp39-manylinux_2_17_aarch64.manylinux2014_aarch64.whl", hash = "sha256:eef2afb0fd1747f33f1ee3e209bce1ed582d1896b240ccc5e2697e3275f037c7"},
    {file = "regex-2021.11.10-cp39-cp39-manylinux_2_17_ppc64le.manylinux2014_ppc64le.whl", hash = "sha256:432bd15d40ed835a51617521d60d0125867f7b88acf653e4ed994a1f8e4995dc"},
    {file = "regex-2021.11.10-cp39-cp39-manylinux_2_17_s390x.manylinux2014_s390x.whl", hash = "sha256:b43c2b8a330a490daaef5a47ab114935002b13b3f9dc5da56d5322ff218eeadb"},
    {file = "regex-2021.11.10-cp39-cp39-manylinux_2_17_x86_64.manylinux2014_x86_64.whl", hash = "sha256:962b9a917dd7ceacbe5cd424556914cb0d636001e393b43dc886ba31d2a1e449"},
    {file = "regex-2021.11.10-cp39-cp39-manylinux_2_5_i686.manylinux1_i686.manylinux_2_17_i686.manylinux2014_i686.whl", hash = "sha256:fa8c626d6441e2d04b6ee703ef2d1e17608ad44c7cb75258c09dd42bacdfc64b"},
    {file = "regex-2021.11.10-cp39-cp39-manylinux_2_5_x86_64.manylinux1_x86_64.manylinux_2_12_x86_64.manylinux2010_x86_64.whl", hash = "sha256:3c5fb32cc6077abad3bbf0323067636d93307c9fa93e072771cf9a64d1c0f3ef"},
    {file = "regex-2021.11.10-cp39-cp39-win32.whl", hash = "sha256:3b5df18db1fccd66de15aa59c41e4f853b5df7550723d26aa6cb7f40e5d9da5a"},
    {file = "regex-2021.11.10-cp39-cp39-win_amd64.whl", hash = "sha256:83ee89483672b11f8952b158640d0c0ff02dc43d9cb1b70c1564b49abe92ce29"},
    {file = "regex-2021.11.10.tar.gz", hash = "sha256:f341ee2df0999bfdf7a95e448075effe0db212a59387de1a70690e4acb03d4c6"},
]
tomli = [
    {file = "tomli-1.2.2-py3-none-any.whl", hash = "sha256:f04066f68f5554911363063a30b108d2b5a5b1a010aa8b6132af78489fe3aade"},
    {file = "tomli-1.2.2.tar.gz", hash = "sha256:c6ce0015eb38820eaf32b5db832dbc26deb3dd427bd5f6556cf0acac2c214fee"},
]
typed-ast = [
    {file = "typed_ast-1.5.0-cp310-cp310-macosx_10_9_x86_64.whl", hash = "sha256:7b310a207ee9fde3f46ba327989e6cba4195bc0c8c70a158456e7b10233e6bed"},
    {file = "typed_ast-1.5.0-cp310-cp310-macosx_11_0_arm64.whl", hash = "sha256:52ca2b2b524d770bed7a393371a38e91943f9160a190141e0df911586066ecda"},
    {file = "typed_ast-1.5.0-cp310-cp310-manylinux_2_5_x86_64.manylinux1_x86_64.manylinux_2_12_x86_64.manylinux2010_x86_64.whl", hash = "sha256:14fed8820114a389a2b7e91624db5f85f3f6682fda09fe0268a59aabd28fe5f5"},
    {file = "typed_ast-1.5.0-cp310-cp310-win_amd64.whl", hash = "sha256:65c81abbabda7d760df7304d843cc9dbe7ef5d485504ca59a46ae2d1731d2428"},
    {file = "typed_ast-1.5.0-cp36-cp36m-macosx_10_9_x86_64.whl", hash = "sha256:37ba2ab65a0028b1a4f2b61a8fe77f12d242731977d274a03d68ebb751271508"},
    {file = "typed_ast-1.5.0-cp36-cp36m-manylinux_2_5_x86_64.manylinux1_x86_64.manylinux_2_12_x86_64.manylinux2010_x86_64.whl", hash = "sha256:49af5b8f6f03ed1eb89ee06c1d7c2e7c8e743d720c3746a5857609a1abc94c94"},
    {file = "typed_ast-1.5.0-cp36-cp36m-win_amd64.whl", hash = "sha256:e4374a76e61399a173137e7984a1d7e356038cf844f24fd8aea46c8029a2f712"},
    {file = "typed_ast-1.5.0-cp37-cp37m-macosx_10_9_x86_64.whl", hash = "sha256:ea517c2bb11c5e4ba7a83a91482a2837041181d57d3ed0749a6c382a2b6b7086"},
    {file = "typed_ast-1.5.0-cp37-cp37m-manylinux_2_5_x86_64.manylinux1_x86_64.manylinux_2_12_x86_64.manylinux2010_x86_64.whl", hash = "sha256:51040bf45aacefa44fa67fb9ebcd1f2bec73182b99a532c2394eea7dabd18e24"},
    {file = "typed_ast-1.5.0-cp37-cp37m-win_amd64.whl", hash = "sha256:806e0c7346b9b4af8c62d9a29053f484599921a4448c37fbbcbbf15c25138570"},
    {file = "typed_ast-1.5.0-cp38-cp38-macosx_10_9_x86_64.whl", hash = "sha256:a67fd5914603e2165e075f1b12f5a8356bfb9557e8bfb74511108cfbab0f51ed"},
    {file = "typed_ast-1.5.0-cp38-cp38-macosx_11_0_arm64.whl", hash = "sha256:224afecb8b39739f5c9562794a7c98325cb9d972712e1a98b6989a4720219541"},
    {file = "typed_ast-1.5.0-cp38-cp38-manylinux_2_5_x86_64.manylinux1_x86_64.manylinux_2_12_x86_64.manylinux2010_x86_64.whl", hash = "sha256:155b74b078be842d2eb630dd30a280025eca0a5383c7d45853c27afee65f278f"},
    {file = "typed_ast-1.5.0-cp38-cp38-win_amd64.whl", hash = "sha256:361b9e5d27bd8e3ccb6ea6ad6c4f3c0be322a1a0f8177db6d56264fa0ae40410"},
    {file = "typed_ast-1.5.0-cp39-cp39-macosx_10_9_x86_64.whl", hash = "sha256:618912cbc7e17b4aeba86ffe071698c6e2d292acbd6d1d5ec1ee724b8c4ae450"},
    {file = "typed_ast-1.5.0-cp39-cp39-macosx_11_0_arm64.whl", hash = "sha256:7e6731044f748340ef68dcadb5172a4b1f40847a2983fe3983b2a66445fbc8e6"},
    {file = "typed_ast-1.5.0-cp39-cp39-manylinux_2_5_x86_64.manylinux1_x86_64.manylinux_2_12_x86_64.manylinux2010_x86_64.whl", hash = "sha256:e8a9b9c87801cecaad3b4c2b8876387115d1a14caa602c1618cedbb0cb2a14e6"},
    {file = "typed_ast-1.5.0-cp39-cp39-win_amd64.whl", hash = "sha256:ec184dfb5d3d11e82841dbb973e7092b75f306b625fad7b2e665b64c5d60ab3f"},
    {file = "typed_ast-1.5.0.tar.gz", hash = "sha256:ff4ad88271aa7a55f19b6a161ed44e088c393846d954729549e3cde8257747bb"},
]
typing-extensions = [
    {file = "typing_extensions-4.0.0-py3-none-any.whl", hash = "sha256:829704698b22e13ec9eaf959122315eabb370b0884400e9818334d8b677023d9"},
    {file = "typing_extensions-4.0.0.tar.gz", hash = "sha256:2cdf80e4e04866a9b3689a51869016d36db0814d84b8d8a568d22781d45d27ed"},
]
zipp = [
    {file = "zipp-3.6.0-py3-none-any.whl", hash = "sha256:9fe5ea21568a0a70e50f273397638d39b03353731e6cbbb3fd8502a33fec40bc"},
    {file = "zipp-3.6.0.tar.gz", hash = "sha256:71c644c5369f4a6e07636f0aa966270449561fcea2e3d6747b8d23efaa9d7832"},
]
